// !$*UTF8*$!
{
	archiveVersion = 1;
	classes = {
	};
	objectVersion = 46;
	objects = {

/* Begin PBXBuildFile section */
		CBA8589F1D90A3EE001DA547 /* AppDelegate.swift in Sources */ = {isa = PBXBuildFile; fileRef = CBA8589E1D90A3EE001DA547 /* AppDelegate.swift */; };
		CBA858A11D90A3EE001DA547 /* ViewController.swift in Sources */ = {isa = PBXBuildFile; fileRef = CBA858A01D90A3EE001DA547 /* ViewController.swift */; };
		CBA858A41D90A3EE001DA547 /* Main.storyboard in Resources */ = {isa = PBXBuildFile; fileRef = CBA858A21D90A3EE001DA547 /* Main.storyboard */; };
		CBA858A61D90A3EE001DA547 /* Assets.xcassets in Resources */ = {isa = PBXBuildFile; fileRef = CBA858A51D90A3EE001DA547 /* Assets.xcassets */; };
		CBA858A91D90A3EE001DA547 /* LaunchScreen.storyboard in Resources */ = {isa = PBXBuildFile; fileRef = CBA858A71D90A3EE001DA547 /* LaunchScreen.storyboard */; };
		CBA858B41D90A3EE001DA547 /* Tip_CalculatorTests.swift in Sources */ = {isa = PBXBuildFile; fileRef = CBA858B31D90A3EE001DA547 /* Tip_CalculatorTests.swift */; };
		CBA858BF1D90A3EE001DA547 /* Tip_CalculatorUITests.swift in Sources */ = {isa = PBXBuildFile; fileRef = CBA858BE1D90A3EE001DA547 /* Tip_CalculatorUITests.swift */; };
/* End PBXBuildFile section */

/* Begin PBXContainerItemProxy section */
		CBA858B01D90A3EE001DA547 /* PBXContainerItemProxy */ = {
			isa = PBXContainerItemProxy;
			containerPortal = CBA858931D90A3EE001DA547 /* Project object */;
			proxyType = 1;
			remoteGlobalIDString = CBA8589A1D90A3EE001DA547;
			remoteInfo = "Tip Calculator";
		};
		CBA858BB1D90A3EE001DA547 /* PBXContainerItemProxy */ = {
			isa = PBXContainerItemProxy;
			containerPortal = CBA858931D90A3EE001DA547 /* Project object */;
			proxyType = 1;
			remoteGlobalIDString = CBA8589A1D90A3EE001DA547;
			remoteInfo = "Tip Calculator";
		};
/* End PBXContainerItemProxy section */

/* Begin PBXFileReference section */
		CBA8589B1D90A3EE001DA547 /* Tip Calculator.app */ = {isa = PBXFileReference; explicitFileType = wrapper.application; includeInIndex = 0; path = "Tip Calculator.app"; sourceTree = BUILT_PRODUCTS_DIR; };
		CBA8589E1D90A3EE001DA547 /* AppDelegate.swift */ = {isa = PBXFileReference; lastKnownFileType = sourcecode.swift; path = AppDelegate.swift; sourceTree = "<group>"; };
		CBA858A01D90A3EE001DA547 /* ViewController.swift */ = {isa = PBXFileReference; lastKnownFileType = sourcecode.swift; path = ViewController.swift; sourceTree = "<group>"; };
		CBA858A31D90A3EE001DA547 /* Base */ = {isa = PBXFileReference; lastKnownFileType = file.storyboard; name = Base; path = Base.lproj/Main.storyboard; sourceTree = "<group>"; };
		CBA858A51D90A3EE001DA547 /* Assets.xcassets */ = {isa = PBXFileReference; lastKnownFileType = folder.assetcatalog; path = Assets.xcassets; sourceTree = "<group>"; };
		CBA858A81D90A3EE001DA547 /* Base */ = {isa = PBXFileReference; lastKnownFileType = file.storyboard; name = Base; path = Base.lproj/LaunchScreen.storyboard; sourceTree = "<group>"; };
		CBA858AA1D90A3EE001DA547 /* Info.plist */ = {isa = PBXFileReference; lastKnownFileType = text.plist.xml; path = Info.plist; sourceTree = "<group>"; };
		CBA858AF1D90A3EE001DA547 /* Tip CalculatorTests.xctest */ = {isa = PBXFileReference; explicitFileType = wrapper.cfbundle; includeInIndex = 0; path = "Tip CalculatorTests.xctest"; sourceTree = BUILT_PRODUCTS_DIR; };
		CBA858B31D90A3EE001DA547 /* Tip_CalculatorTests.swift */ = {isa = PBXFileReference; lastKnownFileType = sourcecode.swift; path = Tip_CalculatorTests.swift; sourceTree = "<group>"; };
		CBA858B51D90A3EE001DA547 /* Info.plist */ = {isa = PBXFileReference; lastKnownFileType = text.plist.xml; path = Info.plist; sourceTree = "<group>"; };
		CBA858BA1D90A3EE001DA547 /* Tip CalculatorUITests.xctest */ = {isa = PBXFileReference; explicitFileType = wrapper.cfbundle; includeInIndex = 0; path = "Tip CalculatorUITests.xctest"; sourceTree = BUILT_PRODUCTS_DIR; };
		CBA858BE1D90A3EE001DA547 /* Tip_CalculatorUITests.swift */ = {isa = PBXFileReference; lastKnownFileType = sourcecode.swift; path = Tip_CalculatorUITests.swift; sourceTree = "<group>"; };
		CBA858C01D90A3EE001DA547 /* Info.plist */ = {isa = PBXFileReference; lastKnownFileType = text.plist.xml; path = Info.plist; sourceTree = "<group>"; };
/* End PBXFileReference section */

/* Begin PBXFrameworksBuildPhase section */
		CBA858981D90A3EE001DA547 /* Frameworks */ = {
			isa = PBXFrameworksBuildPhase;
			buildActionMask = 2147483647;
			files = (
			);
			runOnlyForDeploymentPostprocessing = 0;
		};
		CBA858AC1D90A3EE001DA547 /* Frameworks */ = {
			isa = PBXFrameworksBuildPhase;
			buildActionMask = 2147483647;
			files = (
			);
			runOnlyForDeploymentPostprocessing = 0;
		};
		CBA858B71D90A3EE001DA547 /* Frameworks */ = {
			isa = PBXFrameworksBuildPhase;
			buildActionMask = 2147483647;
			files = (
			);
			runOnlyForDeploymentPostprocessing = 0;
		};
/* End PBXFrameworksBuildPhase section */

/* Begin PBXGroup section */
		CBA858921D90A3EE001DA547 = {
			isa = PBXGroup;
			children = (
				CBA8589D1D90A3EE001DA547 /* Tip Calculator */,
				CBA858B21D90A3EE001DA547 /* Tip CalculatorTests */,
				CBA858BD1D90A3EE001DA547 /* Tip CalculatorUITests */,
				CBA8589C1D90A3EE001DA547 /* Products */,
			);
			sourceTree = "<group>";
		};
		CBA8589C1D90A3EE001DA547 /* Products */ = {
			isa = PBXGroup;
			children = (
				CBA8589B1D90A3EE001DA547 /* Tip Calculator.app */,
				CBA858AF1D90A3EE001DA547 /* Tip CalculatorTests.xctest */,
				CBA858BA1D90A3EE001DA547 /* Tip CalculatorUITests.xctest */,
			);
			name = Products;
			sourceTree = "<group>";
		};
		CBA8589D1D90A3EE001DA547 /* Tip Calculator */ = {
			isa = PBXGroup;
			children = (
				CBA8589E1D90A3EE001DA547 /* AppDelegate.swift */,
				CBA858A01D90A3EE001DA547 /* ViewController.swift */,
				CBA858A21D90A3EE001DA547 /* Main.storyboard */,
				CBA858A51D90A3EE001DA547 /* Assets.xcassets */,
				CBA858A71D90A3EE001DA547 /* LaunchScreen.storyboard */,
				CBA858AA1D90A3EE001DA547 /* Info.plist */,
			);
			path = "Tip Calculator";
			sourceTree = "<group>";
		};
		CBA858B21D90A3EE001DA547 /* Tip CalculatorTests */ = {
			isa = PBXGroup;
			children = (
				CBA858B31D90A3EE001DA547 /* Tip_CalculatorTests.swift */,
				CBA858B51D90A3EE001DA547 /* Info.plist */,
			);
			path = "Tip CalculatorTests";
			sourceTree = "<group>";
		};
		CBA858BD1D90A3EE001DA547 /* Tip CalculatorUITests */ = {
			isa = PBXGroup;
			children = (
				CBA858BE1D90A3EE001DA547 /* Tip_CalculatorUITests.swift */,
				CBA858C01D90A3EE001DA547 /* Info.plist */,
			);
			path = "Tip CalculatorUITests";
			sourceTree = "<group>";
		};
/* End PBXGroup section */

/* Begin PBXNativeTarget section */
		CBA8589A1D90A3EE001DA547 /* Tip Calculator */ = {
			isa = PBXNativeTarget;
			buildConfigurationList = CBA858C31D90A3EE001DA547 /* Build configuration list for PBXNativeTarget "Tip Calculator" */;
			buildPhases = (
				CBA858971D90A3EE001DA547 /* Sources */,
				CBA858981D90A3EE001DA547 /* Frameworks */,
				CBA858991D90A3EE001DA547 /* Resources */,
			);
			buildRules = (
			);
			dependencies = (
			);
			name = "Tip Calculator";
			productName = "Tip Calculator";
			productReference = CBA8589B1D90A3EE001DA547 /* Tip Calculator.app */;
			productType = "com.apple.product-type.application";
		};
		CBA858AE1D90A3EE001DA547 /* Tip CalculatorTests */ = {
			isa = PBXNativeTarget;
			buildConfigurationList = CBA858C61D90A3EE001DA547 /* Build configuration list for PBXNativeTarget "Tip CalculatorTests" */;
			buildPhases = (
				CBA858AB1D90A3EE001DA547 /* Sources */,
				CBA858AC1D90A3EE001DA547 /* Frameworks */,
				CBA858AD1D90A3EE001DA547 /* Resources */,
			);
			buildRules = (
			);
			dependencies = (
				CBA858B11D90A3EE001DA547 /* PBXTargetDependency */,
			);
			name = "Tip CalculatorTests";
			productName = "Tip CalculatorTests";
			productReference = CBA858AF1D90A3EE001DA547 /* Tip CalculatorTests.xctest */;
			productType = "com.apple.product-type.bundle.unit-test";
		};
		CBA858B91D90A3EE001DA547 /* Tip CalculatorUITests */ = {
			isa = PBXNativeTarget;
			buildConfigurationList = CBA858C91D90A3EE001DA547 /* Build configuration list for PBXNativeTarget "Tip CalculatorUITests" */;
			buildPhases = (
				CBA858B61D90A3EE001DA547 /* Sources */,
				CBA858B71D90A3EE001DA547 /* Frameworks */,
				CBA858B81D90A3EE001DA547 /* Resources */,
			);
			buildRules = (
			);
			dependencies = (
				CBA858BC1D90A3EE001DA547 /* PBXTargetDependency */,
			);
			name = "Tip CalculatorUITests";
			productName = "Tip CalculatorUITests";
			productReference = CBA858BA1D90A3EE001DA547 /* Tip CalculatorUITests.xctest */;
			productType = "com.apple.product-type.bundle.ui-testing";
		};
/* End PBXNativeTarget section */

/* Begin PBXProject section */
		CBA858931D90A3EE001DA547 /* Project object */ = {
			isa = PBXProject;
			attributes = {
				LastSwiftUpdateCheck = 0730;
				LastUpgradeCheck = 0730;
				ORGANIZATIONNAME = "Shannan Hsiao";
				TargetAttributes = {
					CBA8589A1D90A3EE001DA547 = {
						CreatedOnToolsVersion = 7.3.1;
					};
					CBA858AE1D90A3EE001DA547 = {
						CreatedOnToolsVersion = 7.3.1;
						TestTargetID = CBA8589A1D90A3EE001DA547;
					};
					CBA858B91D90A3EE001DA547 = {
						CreatedOnToolsVersion = 7.3.1;
						TestTargetID = CBA8589A1D90A3EE001DA547;
					};
				};
			};
			buildConfigurationList = CBA858961D90A3EE001DA547 /* Build configuration list for PBXProject "Tip Calculator" */;
			compatibilityVersion = "Xcode 3.2";
			developmentRegion = English;
			hasScannedForEncodings = 0;
			knownRegions = (
				en,
				Base,
			);
			mainGroup = CBA858921D90A3EE001DA547;
			productRefGroup = CBA8589C1D90A3EE001DA547 /* Products */;
			projectDirPath = "";
			projectRoot = "";
			targets = (
				CBA8589A1D90A3EE001DA547 /* Tip Calculator */,
				CBA858AE1D90A3EE001DA547 /* Tip CalculatorTests */,
				CBA858B91D90A3EE001DA547 /* Tip CalculatorUITests */,
			);
		};
/* End PBXProject section */

/* Begin PBXResourcesBuildPhase section */
		CBA858991D90A3EE001DA547 /* Resources */ = {
			isa = PBXResourcesBuildPhase;
			buildActionMask = 2147483647;
			files = (
				CBA858A91D90A3EE001DA547 /* LaunchScreen.storyboard in Resources */,
				CBA858A61D90A3EE001DA547 /* Assets.xcassets in Resources */,
				CBA858A41D90A3EE001DA547 /* Main.storyboard in Resources */,
			);
			runOnlyForDeploymentPostprocessing = 0;
		};
		CBA858AD1D90A3EE001DA547 /* Resources */ = {
			isa = PBXResourcesBuildPhase;
			buildActionMask = 2147483647;
			files = (
			);
			runOnlyForDeploymentPostprocessing = 0;
		};
		CBA858B81D90A3EE001DA547 /* Resources */ = {
			isa = PBXResourcesBuildPhase;
			buildActionMask = 2147483647;
			files = (
			);
			runOnlyForDeploymentPostprocessing = 0;
		};
/* End PBXResourcesBuildPhase section */

/* Begin PBXSourcesBuildPhase section */
		CBA858971D90A3EE001DA547 /* Sources */ = {
			isa = PBXSourcesBuildPhase;
			buildActionMask = 2147483647;
			files = (
				CBA858A11D90A3EE001DA547 /* ViewController.swift in Sources */,
				CBA8589F1D90A3EE001DA547 /* AppDelegate.swift in Sources */,
			);
			runOnlyForDeploymentPostprocessing = 0;
		};
		CBA858AB1D90A3EE001DA547 /* Sources */ = {
			isa = PBXSourcesBuildPhase;
			buildActionMask = 2147483647;
			files = (
				CBA858B41D90A3EE001DA547 /* Tip_CalculatorTests.swift in Sources */,
			);
			runOnlyForDeploymentPostprocessing = 0;
		};
		CBA858B61D90A3EE001DA547 /* Sources */ = {
			isa = PBXSourcesBuildPhase;
			buildActionMask = 2147483647;
			files = (
				CBA858BF1D90A3EE001DA547 /* Tip_CalculatorUITests.swift in Sources */,
			);
			runOnlyForDeploymentPostprocessing = 0;
		};
/* End PBXSourcesBuildPhase section */

/* Begin PBXTargetDependency section */
		CBA858B11D90A3EE001DA547 /* PBXTargetDependency */ = {
			isa = PBXTargetDependency;
			target = CBA8589A1D90A3EE001DA547 /* Tip Calculator */;
			targetProxy = CBA858B01D90A3EE001DA547 /* PBXContainerItemProxy */;
		};
		CBA858BC1D90A3EE001DA547 /* PBXTargetDependency */ = {
			isa = PBXTargetDependency;
			target = CBA8589A1D90A3EE001DA547 /* Tip Calculator */;
			targetProxy = CBA858BB1D90A3EE001DA547 /* PBXContainerItemProxy */;
		};
/* End PBXTargetDependency section */

/* Begin PBXVariantGroup section */
		CBA858A21D90A3EE001DA547 /* Main.storyboard */ = {
			isa = PBXVariantGroup;
			children = (
				CBA858A31D90A3EE001DA547 /* Base */,
			);
			name = Main.storyboard;
			sourceTree = "<group>";
		};
		CBA858A71D90A3EE001DA547 /* LaunchScreen.storyboard */ = {
			isa = PBXVariantGroup;
			children = (
				CBA858A81D90A3EE001DA547 /* Base */,
			);
			name = LaunchScreen.storyboard;
			sourceTree = "<group>";
		};
/* End PBXVariantGroup section */

/* Begin XCBuildConfiguration section */
		CBA858C11D90A3EE001DA547 /* Debug */ = {
			isa = XCBuildConfiguration;
			buildSettings = {
				ALWAYS_SEARCH_USER_PATHS = NO;
				CLANG_ANALYZER_NONNULL = YES;
				CLANG_CXX_LANGUAGE_STANDARD = "gnu++0x";
				CLANG_CXX_LIBRARY = "libc++";
				CLANG_ENABLE_MODULES = YES;
				CLANG_ENABLE_OBJC_ARC = YES;
				CLANG_WARN_BOOL_CONVERSION = YES;
				CLANG_WARN_CONSTANT_CONVERSION = YES;
				CLANG_WARN_DIRECT_OBJC_ISA_USAGE = YES_ERROR;
				CLANG_WARN_EMPTY_BODY = YES;
				CLANG_WARN_ENUM_CONVERSION = YES;
				CLANG_WARN_INT_CONVERSION = YES;
				CLANG_WARN_OBJC_ROOT_CLASS = YES_ERROR;
				CLANG_WARN_UNREACHABLE_CODE = YES;
				CLANG_WARN__DUPLICATE_METHOD_MATCH = YES;
				"CODE_SIGN_IDENTITY[sdk=iphoneos*]" = "iPhone Developer";
				COPY_PHASE_STRIP = NO;
				DEBUG_INFORMATION_FORMAT = dwarf;
				ENABLE_STRICT_OBJC_MSGSEND = YES;
				ENABLE_TESTABILITY = YES;
				GCC_C_LANGUAGE_STANDARD = gnu99;
				GCC_DYNAMIC_NO_PIC = NO;
				GCC_NO_COMMON_BLOCKS = YES;
				GCC_OPTIMIZATION_LEVEL = 0;
				GCC_PREPROCESSOR_DEFINITIONS = (
					"DEBUG=1",
					"$(inherited)",
				);
				GCC_WARN_64_TO_32_BIT_CONVERSION = YES;
				GCC_WARN_ABOUT_RETURN_TYPE = YES_ERROR;
				GCC_WARN_UNDECLARED_SELECTOR = YES;
				GCC_WARN_UNINITIALIZED_AUTOS = YES_AGGRESSIVE;
				GCC_WARN_UNUSED_FUNCTION = YES;
				GCC_WARN_UNUSED_VARIABLE = YES;
				IPHONEOS_DEPLOYMENT_TARGET = 9.3;
				MTL_ENABLE_DEBUG_INFO = YES;
				ONLY_ACTIVE_ARCH = YES;
				SDKROOT = iphoneos;
				SWIFT_OPTIMIZATION_LEVEL = "-Onone";
			};
			name = Debug;
		};
		CBA858C21D90A3EE001DA547 /* Release */ = {
			isa = XCBuildConfiguration;
			buildSettings = {
				ALWAYS_SEARCH_USER_PATHS = NO;
				CLANG_ANALYZER_NONNULL = YES;
				CLANG_CXX_LANGUAGE_STANDARD = "gnu++0x";
				CLANG_CXX_LIBRARY = "libc++";
				CLANG_ENABLE_MODULES = YES;
				CLANG_ENABLE_OBJC_ARC = YES;
				CLANG_WARN_BOOL_CONVERSION = YES;
				CLANG_WARN_CONSTANT_CONVERSION = YES;
				CLANG_WARN_DIRECT_OBJC_ISA_USAGE = YES_ERROR;
				CLANG_WARN_EMPTY_BODY = YES;
				CLANG_WARN_ENUM_CONVERSION = YES;
				CLANG_WARN_INT_CONVERSION = YES;
				CLANG_WARN_OBJC_ROOT_CLASS = YES_ERROR;
				CLANG_WARN_UNREACHABLE_CODE = YES;
				CLANG_WARN__DUPLICATE_METHOD_MATCH = YES;
				"CODE_SIGN_IDENTITY[sdk=iphoneos*]" = "iPhone Developer";
				COPY_PHASE_STRIP = NO;
				DEBUG_INFORMATION_FORMAT = "dwarf-with-dsym";
				ENABLE_NS_ASSERTIONS = NO;
				ENABLE_STRICT_OBJC_MSGSEND = YES;
				GCC_C_LANGUAGE_STANDARD = gnu99;
				GCC_NO_COMMON_BLOCKS = YES;
				GCC_WARN_64_TO_32_BIT_CONVERSION = YES;
				GCC_WARN_ABOUT_RETURN_TYPE = YES_ERROR;
				GCC_WARN_UNDECLARED_SELECTOR = YES;
				GCC_WARN_UNINITIALIZED_AUTOS = YES_AGGRESSIVE;
				GCC_WARN_UNUSED_FUNCTION = YES;
				GCC_WARN_UNUSED_VARIABLE = YES;
				IPHONEOS_DEPLOYMENT_TARGET = 9.3;
				MTL_ENABLE_DEBUG_INFO = NO;
				SDKROOT = iphoneos;
				VALIDATE_PRODUCT = YES;
			};
			name = Release;
		};
		CBA858C41D90A3EE001DA547 /* Debug */ = {
			isa = XCBuildConfiguration;
			buildSettings = {
				ASSETCATALOG_COMPILER_APPICON_NAME = AppIcon;
				INFOPLIST_FILE = "Tip Calculator/Info.plist";
				LD_RUNPATH_SEARCH_PATHS = "$(inherited) @executable_path/Frameworks";
				PRODUCT_BUNDLE_IDENTIFIER = "com.anything.Tip-Calculator";
				PRODUCT_NAME = "$(TARGET_NAME)";
			};
			name = Debug;
		};
		CBA858C51D90A3EE001DA547 /* Release */ = {
			isa = XCBuildConfiguration;
			buildSettings = {
				ASSETCATALOG_COMPILER_APPICON_NAME = AppIcon;
				INFOPLIST_FILE = "Tip Calculator/Info.plist";
				LD_RUNPATH_SEARCH_PATHS = "$(inherited) @executable_path/Frameworks";
				PRODUCT_BUNDLE_IDENTIFIER = "com.anything.Tip-Calculator";
				PRODUCT_NAME = "$(TARGET_NAME)";
			};
			name = Release;
		};
		CBA858C71D90A3EE001DA547 /* Debug */ = {
			isa = XCBuildConfiguration;
			buildSettings = {
				BUNDLE_LOADER = "$(TEST_HOST)";
				INFOPLIST_FILE = "Tip CalculatorTests/Info.plist";
				LD_RUNPATH_SEARCH_PATHS = "$(inherited) @executable_path/Frameworks @loader_path/Frameworks";
				PRODUCT_BUNDLE_IDENTIFIER = "com.anything.Tip-CalculatorTests";
				PRODUCT_NAME = "$(TARGET_NAME)";
				TEST_HOST = "$(BUILT_PRODUCTS_DIR)/Tip Calculator.app/Tip Calculator";
			};
			name = Debug;
		};
		CBA858C81D90A3EE001DA547 /* Release */ = {
			isa = XCBuildConfiguration;
			buildSettings = {
				BUNDLE_LOADER = "$(TEST_HOST)";
				INFOPLIST_FILE = "Tip CalculatorTests/Info.plist";
				LD_RUNPATH_SEARCH_PATHS = "$(inherited) @executable_path/Frameworks @loader_path/Frameworks";
				PRODUCT_BUNDLE_IDENTIFIER = "com.anything.Tip-CalculatorTests";
				PRODUCT_NAME = "$(TARGET_NAME)";
				TEST_HOST = "$(BUILT_PRODUCTS_DIR)/Tip Calculator.app/Tip Calculator";
			};
			name = Release;
		};
		CBA858CA1D90A3EE001DA547 /* Debug */ = {
			isa = XCBuildConfiguration;
			buildSettings = {
				INFOPLIST_FILE = "Tip CalculatorUITests/Info.plist";
				LD_RUNPATH_SEARCH_PATHS = "$(inherited) @executable_path/Frameworks @loader_path/Frameworks";
				PRODUCT_BUNDLE_IDENTIFIER = "com.anything.Tip-CalculatorUITests";
				PRODUCT_NAME = "$(TARGET_NAME)";
				TEST_TARGET_NAME = "Tip Calculator";
			};
			name = Debug;
		};
		CBA858CB1D90A3EE001DA547 /* Release */ = {
			isa = XCBuildConfiguration;
			buildSettings = {
				INFOPLIST_FILE = "Tip CalculatorUITests/Info.plist";
				LD_RUNPATH_SEARCH_PATHS = "$(inherited) @executable_path/Frameworks @loader_path/Frameworks";
				PRODUCT_BUNDLE_IDENTIFIER = "com.anything.Tip-CalculatorUITests";
				PRODUCT_NAME = "$(TARGET_NAME)";
				TEST_TARGET_NAME = "Tip Calculator";
			};
			name = Release;
		};
/* End XCBuildConfiguration section */

/* Begin XCConfigurationList section */
		CBA858961D90A3EE001DA547 /* Build configuration list for PBXProject "Tip Calculator" */ = {
			isa = XCConfigurationList;
			buildConfigurations = (
				CBA858C11D90A3EE001DA547 /* Debug */,
				CBA858C21D90A3EE001DA547 /* Release */,
			);
			defaultConfigurationIsVisible = 0;
			defaultConfigurationName = Release;
		};
		CBA858C31D90A3EE001DA547 /* Build configuration list for PBXNativeTarget "Tip Calculator" */ = {
			isa = XCConfigurationList;
			buildConfigurations = (
				CBA858C41D90A3EE001DA547 /* Debug */,
				CBA858C51D90A3EE001DA547 /* Release */,
			);
			defaultConfigurationIsVisible = 0;
		};
		CBA858C61D90A3EE001DA547 /* Build configuration list for PBXNativeTarget "Tip CalculatorTests" */ = {
			isa = XCConfigurationList;
			buildConfigurations = (
				CBA858C71D90A3EE001DA547 /* Debug */,
				CBA858C81D90A3EE001DA547 /* Release */,
			);
			defaultConfigurationIsVisible = 0;
		};
		CBA858C91D90A3EE001DA547 /* Build configuration list for PBXNativeTarget "Tip CalculatorUITests" */ = {
			isa = XCConfigurationList;
			buildConfigurations = (
				CBA858CA1D90A3EE001DA547 /* Debug */,
				CBA858CB1D90A3EE001DA547 /* Release */,
			);
			defaultConfigurationIsVisible = 0;
		};
/* End XCConfigurationList section */
	};
	rootObject = CBA858931D90A3EE001DA547 /* Project object */;
}
